// !$*UTF8*$!
{
	archiveVersion = 1;
	classes = {
	};
	objectVersion = 50;
	objects = {

/* Begin PBXBuildFile section */
		5074A25520D4738000F7E096 /* FilterListTypes.swift in Sources */ = {isa = PBXBuildFile; fileRef = 5074A25420D4738000F7E096 /* FilterListTypes.swift */; };
		5074A25720D5090E00F7E096 /* jovaughn-stephens-559072-unsplash.jpg in Resources */ = {isa = PBXBuildFile; fileRef = 5074A25620D5090D00F7E096 /* jovaughn-stephens-559072-unsplash.jpg */; };
		50CE414F20D09852007FF7B9 /* AppDelegate.swift in Sources */ = {isa = PBXBuildFile; fileRef = 50CE414E20D09852007FF7B9 /* AppDelegate.swift */; };
		50CE415120D09852007FF7B9 /* ViewController.swift in Sources */ = {isa = PBXBuildFile; fileRef = 50CE415020D09852007FF7B9 /* ViewController.swift */; };
		50CE415420D09852007FF7B9 /* Main.storyboard in Resources */ = {isa = PBXBuildFile; fileRef = 50CE415220D09852007FF7B9 /* Main.storyboard */; };
		50CE415620D0985F007FF7B9 /* Assets.xcassets in Resources */ = {isa = PBXBuildFile; fileRef = 50CE415520D0985F007FF7B9 /* Assets.xcassets */; };
		50CE415920D0985F007FF7B9 /* LaunchScreen.storyboard in Resources */ = {isa = PBXBuildFile; fileRef = 50CE415720D0985F007FF7B9 /* LaunchScreen.storyboard */; };
/* End PBXBuildFile section */

/* Begin PBXFileReference section */
		5074A25420D4738000F7E096 /* FilterListTypes.swift */ = {isa = PBXFileReference; lastKnownFileType = sourcecode.swift; path = FilterListTypes.swift; sourceTree = "<group>"; };
		5074A25620D5090D00F7E096 /* jovaughn-stephens-559072-unsplash.jpg */ = {isa = PBXFileReference; lastKnownFileType = image.jpeg; path = "jovaughn-stephens-559072-unsplash.jpg"; sourceTree = "<group>"; };
		50CE414B20D09852007FF7B9 /* Ebony_Filter.app */ = {isa = PBXFileReference; explicitFileType = wrapper.application; includeInIndex = 0; path = Ebony_Filter.app; sourceTree = BUILT_PRODUCTS_DIR; };
		50CE414E20D09852007FF7B9 /* AppDelegate.swift */ = {isa = PBXFileReference; lastKnownFileType = sourcecode.swift; path = AppDelegate.swift; sourceTree = "<group>"; };
		50CE415020D09852007FF7B9 /* ViewController.swift */ = {isa = PBXFileReference; lastKnownFileType = sourcecode.swift; path = ViewController.swift; sourceTree = "<group>"; };
		50CE415320D09852007FF7B9 /* Base */ = {isa = PBXFileReference; lastKnownFileType = file.storyboard; name = Base; path = Base.lproj/Main.storyboard; sourceTree = "<group>"; };
		50CE415520D0985F007FF7B9 /* Assets.xcassets */ = {isa = PBXFileReference; lastKnownFileType = folder.assetcatalog; path = Assets.xcassets; sourceTree = "<group>"; };
		50CE415820D0985F007FF7B9 /* Base */ = {isa = PBXFileReference; lastKnownFileType = file.storyboard; name = Base; path = Base.lproj/LaunchScreen.storyboard; sourceTree = "<group>"; };
		50CE415A20D0985F007FF7B9 /* Info.plist */ = {isa = PBXFileReference; lastKnownFileType = text.plist.xml; path = Info.plist; sourceTree = "<group>"; };
/* End PBXFileReference section */

/* Begin PBXFrameworksBuildPhase section */
		50CE414820D09852007FF7B9 /* Frameworks */ = {
			isa = PBXFrameworksBuildPhase;
			buildActionMask = 2147483647;
			files = (
			);
			runOnlyForDeploymentPostprocessing = 0;
		};
/* End PBXFrameworksBuildPhase section */

/* Begin PBXGroup section */
		50CE414220D09851007FF7B9 = {
			isa = PBXGroup;
			children = (
				5074A25620D5090D00F7E096 /* jovaughn-stephens-559072-unsplash.jpg */,
				50CE414D20D09852007FF7B9 /* Ebony_Filter */,
				50CE414C20D09852007FF7B9 /* Products */,
			);
			sourceTree = "<group>";
		};
		50CE414C20D09852007FF7B9 /* Products */ = {
			isa = PBXGroup;
			children = (
				50CE414B20D09852007FF7B9 /* Ebony_Filter.app */,
			);
			name = Products;
			sourceTree = "<group>";
		};
		50CE414D20D09852007FF7B9 /* Ebony_Filter */ = {
			isa = PBXGroup;
			children = (
				5074A25420D4738000F7E096 /* FilterListTypes.swift */,
				50CE414E20D09852007FF7B9 /* AppDelegate.swift */,
				50CE415020D09852007FF7B9 /* ViewController.swift */,
				50CE415220D09852007FF7B9 /* Main.storyboard */,
				50CE415520D0985F007FF7B9 /* Assets.xcassets */,
				50CE415720D0985F007FF7B9 /* LaunchScreen.storyboard */,
				50CE415A20D0985F007FF7B9 /* Info.plist */,
			);
			path = Ebony_Filter;
			sourceTree = "<group>";
		};
/* End PBXGroup section */

/* Begin PBXNativeTarget section */
		50CE414A20D09852007FF7B9 /* Ebony_Filter */ = {
			isa = PBXNativeTarget;
			buildConfigurationList = 50CE415D20D0985F007FF7B9 /* Build configuration list for PBXNativeTarget "Ebony_Filter" */;
			buildPhases = (
				50CE414720D09852007FF7B9 /* Sources */,
				50CE414820D09852007FF7B9 /* Frameworks */,
				50CE414920D09852007FF7B9 /* Resources */,
			);
			buildRules = (
			);
			dependencies = (
			);
			name = Ebony_Filter;
			productName = Ebony_Filter;
			productReference = 50CE414B20D09852007FF7B9 /* Ebony_Filter.app */;
			productType = "com.apple.product-type.application";
		};
/* End PBXNativeTarget section */

/* Begin PBXProject section */
		50CE414320D09851007FF7B9 /* Project object */ = {
			isa = PBXProject;
			attributes = {
				LastSwiftUpdateCheck = 0940;
				LastUpgradeCheck = 0940;
				ORGANIZATIONNAME = "Landry Achia Ndong";
				TargetAttributes = {
					50CE414A20D09852007FF7B9 = {
						CreatedOnToolsVersion = 9.4;
					};
				};
			};
			buildConfigurationList = 50CE414620D09851007FF7B9 /* Build configuration list for PBXProject "Ebony_Filter" */;
			compatibilityVersion = "Xcode 9.3";
			developmentRegion = en;
			hasScannedForEncodings = 0;
			knownRegions = (
				en,
				Base,
			);
			mainGroup = 50CE414220D09851007FF7B9;
			productRefGroup = 50CE414C20D09852007FF7B9 /* Products */;
			projectDirPath = "";
			projectRoot = "";
			targets = (
				50CE414A20D09852007FF7B9 /* Ebony_Filter */,
			);
		};
/* End PBXProject section */

/* Begin PBXResourcesBuildPhase section */
		50CE414920D09852007FF7B9 /* Resources */ = {
			isa = PBXResourcesBuildPhase;
			buildActionMask = 2147483647;
			files = (
				50CE415920D0985F007FF7B9 /* LaunchScreen.storyboard in Resources */,
				5074A25720D5090E00F7E096 /* jovaughn-stephens-559072-unsplash.jpg in Resources */,
				50CE415620D0985F007FF7B9 /* Assets.xcassets in Resources */,
				50CE415420D09852007FF7B9 /* Main.storyboard in Resources */,
			);
			runOnlyForDeploymentPostprocessing = 0;
		};
/* End PBXResourcesBuildPhase section */

/* Begin PBXSourcesBuildPhase section */
		50CE414720D09852007FF7B9 /* Sources */ = {
			isa = PBXSourcesBuildPhase;
			buildActionMask = 2147483647;
			files = (
				5074A25520D4738000F7E096 /* FilterListTypes.swift in Sources */,
				50CE415120D09852007FF7B9 /* ViewController.swift in Sources */,
				50CE414F20D09852007FF7B9 /* AppDelegate.swift in Sources */,
			);
			runOnlyForDeploymentPostprocessing = 0;
		};
/* End PBXSourcesBuildPhase section */

/* Begin PBXVariantGroup section */
		50CE415220D09852007FF7B9 /* Main.storyboard */ = {
			isa = PBXVariantGroup;
			children = (
				50CE415320D09852007FF7B9 /* Base */,
			);
			name = Main.storyboard;
			sourceTree = "<group>";
		};
		50CE415720D0985F007FF7B9 /* LaunchScreen.storyboard */ = {
			isa = PBXVariantGroup;
			children = (
				50CE415820D0985F007FF7B9 /* Base */,
			);
			name = LaunchScreen.storyboard;
			sourceTree = "<group>";
		};
/* End PBXVariantGroup section */

/* Begin XCBuildConfiguration section */
		50CE415B20D0985F007FF7B9 /* Debug */ = {
			isa = XCBuildConfiguration;
			buildSettings = {
				ALWAYS_SEARCH_USER_PATHS = NO;
				CLANG_ANALYZER_NONNULL = YES;
				CLANG_ANALYZER_NUMBER_OBJECT_CONVERSION = YES_AGGRESSIVE;
				CLANG_CXX_LANGUAGE_STANDARD = "gnu++14";
				CLANG_CXX_LIBRARY = "libc++";
				CLANG_ENABLE_MODULES = YES;
				CLANG_ENABLE_OBJC_ARC = YES;
				CLANG_ENABLE_OBJC_WEAK = YES;
				CLANG_WARN_BLOCK_CAPTURE_AUTORELEASING = YES;
				CLANG_WARN_BOOL_CONVERSION = YES;
				CLANG_WARN_COMMA = YES;
				CLANG_WARN_CONSTANT_CONVERSION = YES;
				CLANG_WARN_DEPRECATED_OBJC_IMPLEMENTATIONS = YES;
				CLANG_WARN_DIRECT_OBJC_ISA_USAGE = YES_ERROR;
				CLANG_WARN_DOCUMENTATION_COMMENTS = YES;
				CLANG_WARN_EMPTY_BODY = YES;
				CLANG_WARN_ENUM_CONVERSION = YES;
				CLANG_WARN_INFINITE_RECURSION = YES;
				CLANG_WARN_INT_CONVERSION = YES;
				CLANG_WARN_NON_LITERAL_NULL_CONVERSION = YES;
				CLANG_WARN_OBJC_IMPLICIT_RETAIN_SELF = YES;
				CLANG_WARN_OBJC_LITERAL_CONVERSION = YES;
				CLANG_WARN_OBJC_ROOT_CLASS = YES_ERROR;
				CLANG_WARN_RANGE_LOOP_ANALYSIS = YES;
				CLANG_WARN_STRICT_PROTOTYPES = YES;
				CLANG_WARN_SUSPICIOUS_MOVE = YES;
				CLANG_WARN_UNGUARDED_AVAILABILITY = YES_AGGRESSIVE;
				CLANG_WARN_UNREACHABLE_CODE = YES;
				CLANG_WARN__DUPLICATE_METHOD_MATCH = YES;
				CODE_SIGN_IDENTITY = "iPhone Developer";
				COPY_PHASE_STRIP = NO;
				DEBUG_INFORMATION_FORMAT = dwarf;
				ENABLE_STRICT_OBJC_MSGSEND = YES;
				ENABLE_TESTABILITY = YES;
				GCC_C_LANGUAGE_STANDARD = gnu11;
				GCC_DYNAMIC_NO_PIC = NO;
				GCC_NO_COMMON_BLOCKS = YES;
				GCC_OPTIMIZATION_LEVEL = 0;
				GCC_PREPROCESSOR_DEFINITIONS = (
					"DEBUG=1",
					"$(inherited)",
				);
				GCC_WARN_64_TO_32_BIT_CONVERSION = YES;
				GCC_WARN_ABOUT_RETURN_TYPE = YES_ERROR;
				GCC_WARN_UNDECLARED_SELECTOR = YES;
				GCC_WARN_UNINITIALIZED_AUTOS = YES_AGGRESSIVE;
				GCC_WARN_UNUSED_FUNCTION = YES;
				GCC_WARN_UNUSED_VARIABLE = YES;
				IPHONEOS_DEPLOYMENT_TARGET = 11.4;
				MTL_ENABLE_DEBUG_INFO = YES;
				ONLY_ACTIVE_ARCH = YES;
				SDKROOT = iphoneos;
				SWIFT_ACTIVE_COMPILATION_CONDITIONS = DEBUG;
				SWIFT_OPTIMIZATION_LEVEL = "-Onone";
			};
			name = Debug;
		};
		50CE415C20D0985F007FF7B9 /* Release */ = {
			isa = XCBuildConfiguration;
			buildSettings = {
				ALWAYS_SEARCH_USER_PATHS = NO;
				CLANG_ANALYZER_NONNULL = YES;
				CLANG_ANALYZER_NUMBER_OBJECT_CONVERSION = YES_AGGRESSIVE;
				CLANG_CXX_LANGUAGE_STANDARD = "gnu++14";
				CLANG_CXX_LIBRARY = "libc++";
				CLANG_ENABLE_MODULES = YES;
				CLANG_ENABLE_OBJC_ARC = YES;
				CLANG_ENABLE_OBJC_WEAK = YES;
				CLANG_WARN_BLOCK_CAPTURE_AUTORELEASING = YES;
				CLANG_WARN_BOOL_CONVERSION = YES;
				CLANG_WARN_COMMA = YES;
				CLANG_WARN_CONSTANT_CONVERSION = YES;
				CLANG_WARN_DEPRECATED_OBJC_IMPLEMENTATIONS = YES;
				CLANG_WARN_DIRECT_OBJC_ISA_USAGE = YES_ERROR;
				CLANG_WARN_DOCUMENTATION_COMMENTS = YES;
				CLANG_WARN_EMPTY_BODY = YES;
				CLANG_WARN_ENUM_CONVERSION = YES;
				CLANG_WARN_INFINITE_RECURSION = YES;
				CLANG_WARN_INT_CONVERSION = YES;
				CLANG_WARN_NON_LITERAL_NULL_CONVERSION = YES;
				CLANG_WARN_OBJC_IMPLICIT_RETAIN_SELF = YES;
				CLANG_WARN_OBJC_LITERAL_CONVERSION = YES;
				CLANG_WARN_OBJC_ROOT_CLASS = YES_ERROR;
				CLANG_WARN_RANGE_LOOP_ANALYSIS = YES;
				CLANG_WARN_STRICT_PROTOTYPES = YES;
				CLANG_WARN_SUSPICIOUS_MOVE = YES;
				CLANG_WARN_UNGUARDED_AVAILABILITY = YES_AGGRESSIVE;
				CLANG_WARN_UNREACHABLE_CODE = YES;
				CLANG_WARN__DUPLICATE_METHOD_MATCH = YES;
				CODE_SIGN_IDENTITY = "iPhone Developer";
				COPY_PHASE_STRIP = NO;
				DEBUG_INFORMATION_FORMAT = "dwarf-with-dsym";
				ENABLE_NS_ASSERTIONS = NO;
				ENABLE_STRICT_OBJC_MSGSEND = YES;
				GCC_C_LANGUAGE_STANDARD = gnu11;
				GCC_NO_COMMON_BLOCKS = YES;
				GCC_WARN_64_TO_32_BIT_CONVERSION = YES;
				GCC_WARN_ABOUT_RETURN_TYPE = YES_ERROR;
				GCC_WARN_UNDECLARED_SELECTOR = YES;
				GCC_WARN_UNINITIALIZED_AUTOS = YES_AGGRESSIVE;
				GCC_WARN_UNUSED_FUNCTION = YES;
				GCC_WARN_UNUSED_VARIABLE = YES;
				IPHONEOS_DEPLOYMENT_TARGET = 11.4;
				MTL_ENABLE_DEBUG_INFO = NO;
				SDKROOT = iphoneos;
				SWIFT_COMPILATION_MODE = wholemodule;
				SWIFT_OPTIMIZATION_LEVEL = "-O";
				VALIDATE_PRODUCT = YES;
			};
			name = Release;
		};
		50CE415E20D0985F007FF7B9 /* Debug */ = {
			isa = XCBuildConfiguration;
			buildSettings = {
				ASSETCATALOG_COMPILER_APPICON_NAME = AppIcon;
				ASSETCATALOG_COMPILER_LAUNCHIMAGE_NAME = "LaunchImage-2";
				CODE_SIGN_STYLE = Automatic;
				INFOPLIST_FILE = Ebony_Filter/Info.plist;
				LD_RUNPATH_SEARCH_PATHS = (
					"$(inherited)",
					"@executable_path/Frameworks",
				);
				PRODUCT_BUNDLE_IDENTIFIER = "info.lansachia.Ebony-Filter";
				PRODUCT_NAME = "$(TARGET_NAME)";
				SWIFT_VERSION = 4.0;
				TARGETED_DEVICE_FAMILY = "1,2";
			};
			name = Debug;
		};
		50CE415F20D0985F007FF7B9 /* Release */ = {
			isa = XCBuildConfiguration;
			buildSettings = {
				ASSETCATALOG_COMPILER_APPICON_NAME = AppIcon;
				ASSETCATALOG_COMPILER_LAUNCHIMAGE_NAME = "LaunchImage-2";
				CODE_SIGN_STYLE = Automatic;
				INFOPLIST_FILE = Ebony_Filter/Info.plist;
				LD_RUNPATH_SEARCH_PATHS = (
					"$(inherited)",
					"@executable_path/Frameworks",
				);
				PRODUCT_BUNDLE_IDENTIFIER = "info.lansachia.Ebony-Filter";
				PRODUCT_NAME = "$(TARGET_NAME)";
				SWIFT_VERSION = 4.0;
				TARGETED_DEVICE_FAMILY = "1,2";
			};
			name = Release;
		};
/* End XCBuildConfiguration section */

/* Begin XCConfigurationList section */
		50CE414620D09851007FF7B9 /* Build configuration list for PBXProject "Ebony_Filter" */ = {
			isa = XCConfigurationList;
			buildConfigurations = (
				50CE415B20D0985F007FF7B9 /* Debug */,
				50CE415C20D0985F007FF7B9 /* Release */,
			);
			defaultConfigurationIsVisible = 0;
			defaultConfigurationName = Release;
		};
		50CE415D20D0985F007FF7B9 /* Build configuration list for PBXNativeTarget "Ebony_Filter" */ = {
			isa = XCConfigurationList;
			buildConfigurations = (
				50CE415E20D0985F007FF7B9 /* Debug */,
				50CE415F20D0985F007FF7B9 /* Release */,
			);
			defaultConfigurationIsVisible = 0;
			defaultConfigurationName = Release;
		};
/* End XCConfigurationList section */
	};
	rootObject = 50CE414320D09851007FF7B9 /* Project object */;
}
